
Microsoft Visual Studio Solution File, Format Version 12.00
# Visual Studio 15
VisualStudioVersion = 15.0.26228.86
MinimumVisualStudioVersion = 10.0.40219.1
Project("{8BC9CEB8-8B4A-11D0-8D11-00A0C91BC942}") = "IntroductionToOOP", "IntroductionToOOP\IntroductionToOOP.vcxproj", "{AAE18191-18BA-49AF-A591-BCF5E0258791}"
EndProject
Project("{8BC9CEB8-8B4A-11D0-8D11-00A0C91BC942}") = "Fraction", "Fraction\Fraction.vcxproj", "{4139068C-A730-4438-AEA2-78653DA2D462}"
EndProject
Project("{8BC9CEB8-8B4A-11D0-8D11-00A0C91BC942}") = "String", "String\String.vcxproj", "{C9EEF88A-58CD-49F6-822D-B12F40158E7E}"
EndProject
Global
	GlobalSection(SolutionConfigurationPlatforms) = preSolution
		Debug|x64 = Debug|x64
		Debug|x86 = Debug|x86
		Release|x64 = Release|x64
		Release|x86 = Release|x86
	EndGlobalSection
	GlobalSection(ProjectConfigurationPlatforms) = postSolution
		{AAE18191-18BA-49AF-A591-BCF5E0258791}.Debug|x64.ActiveCfg = Debug|x64
		{AAE18191-18BA-49AF-A591-BCF5E0258791}.Debug|x64.Build.0 = Debug|x64
		{AAE18191-18BA-49AF-A591-BCF5E0258791}.Debug|x86.ActiveCfg = Debug|Win32
		{AAE18191-18BA-49AF-A591-BCF5E0258791}.Debug|x86.Build.0 = Debug|Win32
		{AAE18191-18BA-49AF-A591-BCF5E0258791}.Release|x64.ActiveCfg = Release|x64
		{AAE18191-18BA-49AF-A591-BCF5E0258791}.Release|x64.Build.0 = Release|x64
		{AAE18191-18BA-49AF-A591-BCF5E0258791}.Release|x86.ActiveCfg = Release|Win32
		{AAE18191-18BA-49AF-A591-BCF5E0258791}.Release|x86.Build.0 = Release|Win32
		{4139068C-A730-4438-AEA2-78653DA2D462}.Debug|x64.ActiveCfg = Debug|x64
		{4139068C-A730-4438-AEA2-78653DA2D462}.Debug|x64.Build.0 = Debug|x64
		{4139068C-A730-4438-AEA2-78653DA2D462}.Debug|x86.ActiveCfg = Debug|Win32
		{4139068C-A730-4438-AEA2-78653DA2D462}.Debug|x86.Build.0 = Debug|Win32
		{4139068C-A730-4438-AEA2-78653DA2D462}.Release|x64.ActiveCfg = Release|x64
		{4139068C-A730-4438-AEA2-78653DA2D462}.Release|x64.Build.0 = Release|x64
		{4139068C-A730-4438-AEA2-78653DA2D462}.Release|x86.ActiveCfg = Release|Win32
		{4139068C-A730-4438-AEA2-78653DA2D462}.Release|x86.Build.0 = Release|Win32
		{C9EEF88A-58CD-49F6-822D-B12F40158E7E}.Debug|x64.ActiveCfg = Debug|x64
		{C9EEF88A-58CD-49F6-822D-B12F40158E7E}.Debug|x64.Build.0 = Debug|x64
		{C9EEF88A-58CD-49F6-822D-B12F40158E7E}.Debug|x86.ActiveCfg = Debug|Win32
		{C9EEF88A-58CD-49F6-822D-B12F40158E7E}.Debug|x86.Build.0 = Debug|Win32
		{C9EEF88A-58CD-49F6-822D-B12F40158E7E}.Release|x64.ActiveCfg = Release|x64
		{C9EEF88A-58CD-49F6-822D-B12F40158E7E}.Release|x64.Build.0 = Release|x64
		{C9EEF88A-58CD-49F6-822D-B12F40158E7E}.Release|x86.ActiveCfg = Release|Win32
		{C9EEF88A-58CD-49F6-822D-B12F40158E7E}.Release|x86.Build.0 = Release|Win32
	EndGlobalSection
	GlobalSection(SolutionProperties) = preSolution
		HideSolutionNode = FALSE
	EndGlobalSection
EndGlobal
